// !$*UTF8*$!
{
	archiveVersion = 1;
	classes = {
	};
	objectVersion = 51;
	objects = {

/* Begin PBXBuildFile section */
		80DC22A824C195630076737D /* AddViewController.swift in Sources */ = {isa = PBXBuildFile; fileRef = 80DC22A724C195630076737D /* AddViewController.swift */; };
		80DC22B324C1DBDD0076737D /* ReminderDetailsViewController.swift in Sources */ = {isa = PBXBuildFile; fileRef = 80DC22B224C1DBDD0076737D /* ReminderDetailsViewController.swift */; };
		80DC22B924C2ECD70076737D /* TodayHabitCardView.swift in Sources */ = {isa = PBXBuildFile; fileRef = 80DC22B824C2ECD70076737D /* TodayHabitCardView.swift */; };
		80DC22BA24C2ECD70076737D /* JayData.swift in Sources */ = {isa = PBXBuildFile; fileRef = 80DC22B624C2ECD60076737D /* JayData.swift */; };
		80DC22BD24C2ECDE0076737D /* CalendarViewDelegate.swift in Sources */ = {isa = PBXBuildFile; fileRef = 80DC22BC24C2ECDE0076737D /* CalendarViewDelegate.swift */; };
		80DC22BE24C2ECDE0076737D /* CalendarDelegate.swift in Sources */ = {isa = PBXBuildFile; fileRef = 80DC22BB24C2ECDE0076737D /* CalendarDelegate.swift */; };
		80DC22C224C2EDB70076737D /* GetVC.swift in Sources */ = {isa = PBXBuildFile; fileRef = 80DC22C124C2EDB70076737D /* GetVC.swift */; };
		80DC22C424C2FD3A0076737D /* JayLibrary.swift in Sources */ = {isa = PBXBuildFile; fileRef = 80DC22C324C2FD3A0076737D /* JayLibrary.swift */; };
		80DC22CA24C329D90076737D /* TodayHabitCard.xib in Resources */ = {isa = PBXBuildFile; fileRef = 80DC22C924C329D90076737D /* TodayHabitCard.xib */; };
		80F20017B04CE5E31B455BF2 /* Pods_Jay.framework in Frameworks */ = {isa = PBXBuildFile; fileRef = 084637202D88F620A9097123 /* Pods_Jay.framework */; };
		FC25C35024C3724B00A27933 /* .gitignore in Resources */ = {isa = PBXBuildFile; fileRef = FC25C34F24C3724B00A27933 /* .gitignore */; };
		FC85761024BF00060012CDEA /* Main.storyboard in Resources */ = {isa = PBXBuildFile; fileRef = FC85760E24BF00060012CDEA /* Main.storyboard */; };
		FC85762824BF003D0012CDEA /* HabitCollectionViewCell.swift in Sources */ = {isa = PBXBuildFile; fileRef = FC85762324BF003D0012CDEA /* HabitCollectionViewCell.swift */; };
		FC85762924BF003D0012CDEA /* HabitCollectionViewCell.xib in Resources */ = {isa = PBXBuildFile; fileRef = FC85762424BF003D0012CDEA /* HabitCollectionViewCell.xib */; };
		FC85762A24BF003D0012CDEA /* ReminderCollectionViewCell.swift in Sources */ = {isa = PBXBuildFile; fileRef = FC85762624BF003D0012CDEA /* ReminderCollectionViewCell.swift */; };
		FC85762B24BF003D0012CDEA /* ReminderCollectionViewCell.xib in Resources */ = {isa = PBXBuildFile; fileRef = FC85762724BF003D0012CDEA /* ReminderCollectionViewCell.xib */; };
		FC85763224BF00440012CDEA /* Assets.xcassets in Resources */ = {isa = PBXBuildFile; fileRef = FC85762D24BF00440012CDEA /* Assets.xcassets */; };
		FC85763324BF00440012CDEA /* LaunchScreen.storyboard in Resources */ = {isa = PBXBuildFile; fileRef = FC85762E24BF00440012CDEA /* LaunchScreen.storyboard */; };
		FC85763424BF00440012CDEA /* AppDelegate.swift in Sources */ = {isa = PBXBuildFile; fileRef = FC85763024BF00440012CDEA /* AppDelegate.swift */; };
		FC85763524BF00440012CDEA /* SceneDelegate.swift in Sources */ = {isa = PBXBuildFile; fileRef = FC85763124BF00440012CDEA /* SceneDelegate.swift */; };
		FC85763B24BF004B0012CDEA /* CustomGriddedContentCollectionViewDelegate.swift in Sources */ = {isa = PBXBuildFile; fileRef = FC85763824BF004B0012CDEA /* CustomGriddedContentCollectionViewDelegate.swift */; };
		FC85763C24BF004B0012CDEA /* DefaultCollectionViewDelegate.swift in Sources */ = {isa = PBXBuildFile; fileRef = FC85763924BF004B0012CDEA /* DefaultCollectionViewDelegate.swift */; };
		FC85763D24BF004B0012CDEA /* TodayCollectionViewController.swift in Sources */ = {isa = PBXBuildFile; fileRef = FC85763A24BF004B0012CDEA /* TodayCollectionViewController.swift */; };
/* End PBXBuildFile section */

/* Begin PBXFileReference section */
		084637202D88F620A9097123 /* Pods_Jay.framework */ = {isa = PBXFileReference; explicitFileType = wrapper.framework; includeInIndex = 0; path = Pods_Jay.framework; sourceTree = BUILT_PRODUCTS_DIR; };
		3894EA69F9674942E0F28381 /* Pods-Jay.release.xcconfig */ = {isa = PBXFileReference; includeInIndex = 1; lastKnownFileType = text.xcconfig; name = "Pods-Jay.release.xcconfig"; path = "Target Support Files/Pods-Jay/Pods-Jay.release.xcconfig"; sourceTree = "<group>"; };
		41D9FD4AA2F9174F3D1EBDA1 /* Pods-Jay.debug.xcconfig */ = {isa = PBXFileReference; includeInIndex = 1; lastKnownFileType = text.xcconfig; name = "Pods-Jay.debug.xcconfig"; path = "Target Support Files/Pods-Jay/Pods-Jay.debug.xcconfig"; sourceTree = "<group>"; };
		80DC22A724C195630076737D /* AddViewController.swift */ = {isa = PBXFileReference; lastKnownFileType = sourcecode.swift; path = AddViewController.swift; sourceTree = "<group>"; };
		80DC22B224C1DBDD0076737D /* ReminderDetailsViewController.swift */ = {isa = PBXFileReference; lastKnownFileType = sourcecode.swift; name = ReminderDetailsViewController.swift; path = "Jay/Cell's Views/Reminder/DetailsView/ReminderDetailsViewController.swift"; sourceTree = SOURCE_ROOT; };
		80DC22B624C2ECD60076737D /* JayData.swift */ = {isa = PBXFileReference; lastKnownFileType = sourcecode.swift; path = JayData.swift; sourceTree = "<group>"; };
		80DC22B824C2ECD70076737D /* TodayHabitCardView.swift */ = {isa = PBXFileReference; lastKnownFileType = sourcecode.swift; path = TodayHabitCardView.swift; sourceTree = "<group>"; };
		80DC22BB24C2ECDE0076737D /* CalendarDelegate.swift */ = {isa = PBXFileReference; lastKnownFileType = sourcecode.swift; path = CalendarDelegate.swift; sourceTree = "<group>"; };
		80DC22BC24C2ECDE0076737D /* CalendarViewDelegate.swift */ = {isa = PBXFileReference; lastKnownFileType = sourcecode.swift; path = CalendarViewDelegate.swift; sourceTree = "<group>"; };
		80DC22C124C2EDB70076737D /* GetVC.swift */ = {isa = PBXFileReference; lastKnownFileType = sourcecode.swift; path = GetVC.swift; sourceTree = "<group>"; };
		80DC22C324C2FD3A0076737D /* JayLibrary.swift */ = {isa = PBXFileReference; lastKnownFileType = sourcecode.swift; path = JayLibrary.swift; sourceTree = "<group>"; };
		80DC22C924C329D90076737D /* TodayHabitCard.xib */ = {isa = PBXFileReference; fileEncoding = 4; lastKnownFileType = file.xib; path = TodayHabitCard.xib; sourceTree = "<group>"; };
		FC25C34F24C3724B00A27933 /* .gitignore */ = {isa = PBXFileReference; lastKnownFileType = text; path = .gitignore; sourceTree = "<group>"; };
		FC85760524BF00060012CDEA /* Jay.app */ = {isa = PBXFileReference; explicitFileType = wrapper.application; includeInIndex = 0; path = Jay.app; sourceTree = BUILT_PRODUCTS_DIR; };
		FC85760F24BF00060012CDEA /* Base */ = {isa = PBXFileReference; lastKnownFileType = file.storyboard; name = Base; path = Base.lproj/Main.storyboard; sourceTree = "<group>"; };
		FC85761624BF00080012CDEA /* Info.plist */ = {isa = PBXFileReference; lastKnownFileType = text.plist.xml; path = Info.plist; sourceTree = "<group>"; };
		FC85762324BF003D0012CDEA /* HabitCollectionViewCell.swift */ = {isa = PBXFileReference; fileEncoding = 4; lastKnownFileType = sourcecode.swift; path = HabitCollectionViewCell.swift; sourceTree = "<group>"; };
		FC85762424BF003D0012CDEA /* HabitCollectionViewCell.xib */ = {isa = PBXFileReference; fileEncoding = 4; lastKnownFileType = file.xib; path = HabitCollectionViewCell.xib; sourceTree = "<group>"; };
		FC85762624BF003D0012CDEA /* ReminderCollectionViewCell.swift */ = {isa = PBXFileReference; fileEncoding = 4; lastKnownFileType = sourcecode.swift; path = ReminderCollectionViewCell.swift; sourceTree = "<group>"; };
		FC85762724BF003D0012CDEA /* ReminderCollectionViewCell.xib */ = {isa = PBXFileReference; fileEncoding = 4; lastKnownFileType = file.xib; path = ReminderCollectionViewCell.xib; sourceTree = "<group>"; };
		FC85762D24BF00440012CDEA /* Assets.xcassets */ = {isa = PBXFileReference; lastKnownFileType = folder.assetcatalog; path = Assets.xcassets; sourceTree = "<group>"; };
		FC85762F24BF00440012CDEA /* Base */ = {isa = PBXFileReference; lastKnownFileType = file.storyboard; name = Base; path = Base.lproj/LaunchScreen.storyboard; sourceTree = "<group>"; };
		FC85763024BF00440012CDEA /* AppDelegate.swift */ = {isa = PBXFileReference; fileEncoding = 4; lastKnownFileType = sourcecode.swift; path = AppDelegate.swift; sourceTree = "<group>"; };
		FC85763124BF00440012CDEA /* SceneDelegate.swift */ = {isa = PBXFileReference; fileEncoding = 4; lastKnownFileType = sourcecode.swift; path = SceneDelegate.swift; sourceTree = "<group>"; };
		FC85763824BF004B0012CDEA /* CustomGriddedContentCollectionViewDelegate.swift */ = {isa = PBXFileReference; fileEncoding = 4; lastKnownFileType = sourcecode.swift; path = CustomGriddedContentCollectionViewDelegate.swift; sourceTree = "<group>"; };
		FC85763924BF004B0012CDEA /* DefaultCollectionViewDelegate.swift */ = {isa = PBXFileReference; fileEncoding = 4; lastKnownFileType = sourcecode.swift; path = DefaultCollectionViewDelegate.swift; sourceTree = "<group>"; };
		FC85763A24BF004B0012CDEA /* TodayCollectionViewController.swift */ = {isa = PBXFileReference; fileEncoding = 4; lastKnownFileType = sourcecode.swift; path = TodayCollectionViewController.swift; sourceTree = "<group>"; };
/* End PBXFileReference section */

/* Begin PBXFrameworksBuildPhase section */
		FC85760224BF00060012CDEA /* Frameworks */ = {
			isa = PBXFrameworksBuildPhase;
			buildActionMask = 2147483647;
			files = (
				80F20017B04CE5E31B455BF2 /* Pods_Jay.framework in Frameworks */,
			);
			runOnlyForDeploymentPostprocessing = 0;
		};
/* End PBXFrameworksBuildPhase section */

/* Begin PBXGroup section */
		40B0DC8AED4731F0121AD275 /* Pods */ = {
			isa = PBXGroup;
			children = (
				41D9FD4AA2F9174F3D1EBDA1 /* Pods-Jay.debug.xcconfig */,
				3894EA69F9674942E0F28381 /* Pods-Jay.release.xcconfig */,
			);
			path = Pods;
			sourceTree = "<group>";
		};
		80DC226E24BF15B60076737D /* Collection Cell */ = {
			isa = PBXGroup;
			children = (
				FC85762324BF003D0012CDEA /* HabitCollectionViewCell.swift */,
				FC85762424BF003D0012CDEA /* HabitCollectionViewCell.xib */,
			);
			path = "Collection Cell";
			sourceTree = "<group>";
		};
		80DC22B024C1DB720076737D /* Details View */ = {
			isa = PBXGroup;
			children = (
				80DC22B224C1DBDD0076737D /* ReminderDetailsViewController.swift */,
			);
			path = "Details View";
			sourceTree = "<group>";
		};
		80DC22B124C1DBB30076737D /* Collection Cell */ = {
			isa = PBXGroup;
			children = (
				FC85762624BF003D0012CDEA /* ReminderCollectionViewCell.swift */,
				FC85762724BF003D0012CDEA /* ReminderCollectionViewCell.xib */,
			);
			path = "Collection Cell";
			sourceTree = "<group>";
		};
		80DC22BF24C2ECF00076737D /* Detail's card */ = {
			isa = PBXGroup;
			children = (
				80DC22C924C329D90076737D /* TodayHabitCard.xib */,
				80DC22B824C2ECD70076737D /* TodayHabitCardView.swift */,
				80DC22C024C2ED040076737D /* Custom layout */,
			);
			path = "Detail's card";
			sourceTree = "<group>";
		};
		80DC22C024C2ED040076737D /* Custom layout */ = {
			isa = PBXGroup;
			children = (
				80DC22BB24C2ECDE0076737D /* CalendarDelegate.swift */,
				80DC22BC24C2ECDE0076737D /* CalendarViewDelegate.swift */,
			);
			path = "Custom layout";
			sourceTree = "<group>";
		};
		E3BDFE84A63CF365EB39FFDC /* Frameworks */ = {
			isa = PBXGroup;
			children = (
				084637202D88F620A9097123 /* Pods_Jay.framework */,
			);
			name = Frameworks;
			sourceTree = "<group>";
		};
		FC8575FC24BF00060012CDEA = {
			isa = PBXGroup;
			children = (
				FC25C34F24C3724B00A27933 /* .gitignore */,
				FC85760724BF00060012CDEA /* Jay */,
				FC85760624BF00060012CDEA /* Products */,
				40B0DC8AED4731F0121AD275 /* Pods */,
				E3BDFE84A63CF365EB39FFDC /* Frameworks */,
			);
			sourceTree = "<group>";
		};
		FC85760624BF00060012CDEA /* Products */ = {
			isa = PBXGroup;
			children = (
				FC85760524BF00060012CDEA /* Jay.app */,
			);
			name = Products;
			sourceTree = "<group>";
		};
		FC85760724BF00060012CDEA /* Jay */ = {
			isa = PBXGroup;
			children = (
				FC85761C24BF002E0012CDEA /* Core */,
				FC85762124BF003D0012CDEA /* Cell's Views */,
				FC85763624BF004B0012CDEA /* Today */,
				FC85761624BF00080012CDEA /* Info.plist */,
				FC85760E24BF00060012CDEA /* Main.storyboard */,
				FC85762C24BF00440012CDEA /* Supporting Files */,
			);
			path = Jay;
			sourceTree = "<group>";
		};
		FC85761C24BF002E0012CDEA /* Core */ = {
			isa = PBXGroup;
			children = (
				80DC22B624C2ECD60076737D /* JayData.swift */,
				80DC22C324C2FD3A0076737D /* JayLibrary.swift */,
			);
			path = Core;
			sourceTree = "<group>";
		};
		FC85762124BF003D0012CDEA /* Cell's Views */ = {
			isa = PBXGroup;
			children = (
				80DC22C124C2EDB70076737D /* GetVC.swift */,
				FC85762224BF003D0012CDEA /* Habit */,
				FC85762524BF003D0012CDEA /* Reminder */,
			);
			path = "Cell's Views";
			sourceTree = "<group>";
		};
		FC85762224BF003D0012CDEA /* Habit */ = {
			isa = PBXGroup;
			children = (
				80DC22BF24C2ECF00076737D /* Detail's card */,
				80DC226E24BF15B60076737D /* Collection Cell */,
			);
			path = Habit;
			sourceTree = "<group>";
		};
		FC85762524BF003D0012CDEA /* Reminder */ = {
			isa = PBXGroup;
			children = (
				80DC22B124C1DBB30076737D /* Collection Cell */,
				80DC22B024C1DB720076737D /* Details View */,
			);
			path = Reminder;
			sourceTree = "<group>";
		};
		FC85762C24BF00440012CDEA /* Supporting Files */ = {
			isa = PBXGroup;
			children = (
				FC85762D24BF00440012CDEA /* Assets.xcassets */,
				FC85762E24BF00440012CDEA /* LaunchScreen.storyboard */,
				FC85763024BF00440012CDEA /* AppDelegate.swift */,
				FC85763124BF00440012CDEA /* SceneDelegate.swift */,
			);
			path = "Supporting Files";
			sourceTree = "<group>";
		};
		FC85763624BF004B0012CDEA /* Today */ = {
			isa = PBXGroup;
			children = (
				FC85763724BF004B0012CDEA /* CustomLayout */,
				FC85763A24BF004B0012CDEA /* TodayCollectionViewController.swift */,
				80DC22A724C195630076737D /* AddViewController.swift */,
			);
			path = Today;
			sourceTree = "<group>";
		};
		FC85763724BF004B0012CDEA /* CustomLayout */ = {
			isa = PBXGroup;
			children = (
				FC85763824BF004B0012CDEA /* CustomGriddedContentCollectionViewDelegate.swift */,
				FC85763924BF004B0012CDEA /* DefaultCollectionViewDelegate.swift */,
			);
			path = CustomLayout;
			sourceTree = "<group>";
		};
/* End PBXGroup section */

/* Begin PBXNativeTarget section */
		FC85760424BF00060012CDEA /* Jay */ = {
			isa = PBXNativeTarget;
			buildConfigurationList = FC85761924BF00080012CDEA /* Build configuration list for PBXNativeTarget "Jay" */;
			buildPhases = (
				827FF28E3A9F05F4BB99A574 /* [CP] Check Pods Manifest.lock */,
				FC85760124BF00060012CDEA /* Sources */,
				FC85760224BF00060012CDEA /* Frameworks */,
				FC85760324BF00060012CDEA /* Resources */,
				AC23DEFC1CF0DCB24287EC54 /* [CP] Embed Pods Frameworks */,
			);
			buildRules = (
			);
			dependencies = (
			);
			name = Jay;
			productName = Jay;
			productReference = FC85760524BF00060012CDEA /* Jay.app */;
			productType = "com.apple.product-type.application";
		};
/* End PBXNativeTarget section */

/* Begin PBXProject section */
		FC8575FD24BF00060012CDEA /* Project object */ = {
			isa = PBXProject;
			attributes = {
				LastSwiftUpdateCheck = 1140;
				LastUpgradeCheck = 1140;
				ORGANIZATIONNAME = "Fetch Development";
				TargetAttributes = {
					FC85760424BF00060012CDEA = {
						CreatedOnToolsVersion = 11.4.1;
					};
				};
			};
			buildConfigurationList = FC85760024BF00060012CDEA /* Build configuration list for PBXProject "Jay" */;
			compatibilityVersion = "Xcode 9.3";
			developmentRegion = en;
			hasScannedForEncodings = 0;
			knownRegions = (
				en,
				Base,
			);
			mainGroup = FC8575FC24BF00060012CDEA;
			productRefGroup = FC85760624BF00060012CDEA /* Products */;
			projectDirPath = "";
			projectRoot = "";
			targets = (
				FC85760424BF00060012CDEA /* Jay */,
			);
		};
/* End PBXProject section */

/* Begin PBXResourcesBuildPhase section */
		FC85760324BF00060012CDEA /* Resources */ = {
			isa = PBXResourcesBuildPhase;
			buildActionMask = 2147483647;
			files = (
				FC85762B24BF003D0012CDEA /* ReminderCollectionViewCell.xib in Resources */,
				FC25C35024C3724B00A27933 /* .gitignore in Resources */,
				FC85761024BF00060012CDEA /* Main.storyboard in Resources */,
				80DC22CA24C329D90076737D /* TodayHabitCard.xib in Resources */,
				FC85763324BF00440012CDEA /* LaunchScreen.storyboard in Resources */,
				FC85763224BF00440012CDEA /* Assets.xcassets in Resources */,
				FC85762924BF003D0012CDEA /* HabitCollectionViewCell.xib in Resources */,
			);
			runOnlyForDeploymentPostprocessing = 0;
		};
/* End PBXResourcesBuildPhase section */

/* Begin PBXShellScriptBuildPhase section */
		827FF28E3A9F05F4BB99A574 /* [CP] Check Pods Manifest.lock */ = {
			isa = PBXShellScriptBuildPhase;
			buildActionMask = 2147483647;
			files = (
			);
			inputFileListPaths = (
			);
			inputPaths = (
				"${PODS_PODFILE_DIR_PATH}/Podfile.lock",
				"${PODS_ROOT}/Manifest.lock",
			);
			name = "[CP] Check Pods Manifest.lock";
			outputFileListPaths = (
			);
			outputPaths = (
				"$(DERIVED_FILE_DIR)/Pods-Jay-checkManifestLockResult.txt",
			);
			runOnlyForDeploymentPostprocessing = 0;
			shellPath = /bin/sh;
			shellScript = "diff \"${PODS_PODFILE_DIR_PATH}/Podfile.lock\" \"${PODS_ROOT}/Manifest.lock\" > /dev/null\nif [ $? != 0 ] ; then\n    # print error to STDERR\n    echo \"error: The sandbox is not in sync with the Podfile.lock. Run 'pod install' or update your CocoaPods installation.\" >&2\n    exit 1\nfi\n# This output is used by Xcode 'outputs' to avoid re-running this script phase.\necho \"SUCCESS\" > \"${SCRIPT_OUTPUT_FILE_0}\"\n";
			showEnvVarsInLog = 0;
		};
		AC23DEFC1CF0DCB24287EC54 /* [CP] Embed Pods Frameworks */ = {
			isa = PBXShellScriptBuildPhase;
			buildActionMask = 2147483647;
			files = (
			);
			inputFileListPaths = (
				"${PODS_ROOT}/Target Support Files/Pods-Jay/Pods-Jay-frameworks-${CONFIGURATION}-input-files.xcfilelist",
			);
			name = "[CP] Embed Pods Frameworks";
			outputFileListPaths = (
				"${PODS_ROOT}/Target Support Files/Pods-Jay/Pods-Jay-frameworks-${CONFIGURATION}-output-files.xcfilelist",
			);
			runOnlyForDeploymentPostprocessing = 0;
			shellPath = /bin/sh;
			shellScript = "\"${PODS_ROOT}/Target Support Files/Pods-Jay/Pods-Jay-frameworks.sh\"\n";
			showEnvVarsInLog = 0;
		};
/* End PBXShellScriptBuildPhase section */

/* Begin PBXSourcesBuildPhase section */
		FC85760124BF00060012CDEA /* Sources */ = {
			isa = PBXSourcesBuildPhase;
			buildActionMask = 2147483647;
			files = (
				FC85762A24BF003D0012CDEA /* ReminderCollectionViewCell.swift in Sources */,
				80DC22BD24C2ECDE0076737D /* CalendarViewDelegate.swift in Sources */,
				80DC22B324C1DBDD0076737D /* ReminderDetailsViewController.swift in Sources */,
				80DC22C424C2FD3A0076737D /* JayLibrary.swift in Sources */,
				80DC22BE24C2ECDE0076737D /* CalendarDelegate.swift in Sources */,
				80DC22A824C195630076737D /* AddViewController.swift in Sources */,
				FC85763424BF00440012CDEA /* AppDelegate.swift in Sources */,
				FC85762824BF003D0012CDEA /* HabitCollectionViewCell.swift in Sources */,
				FC85763C24BF004B0012CDEA /* DefaultCollectionViewDelegate.swift in Sources */,
				80DC22BA24C2ECD70076737D /* JayData.swift in Sources */,
				FC85763B24BF004B0012CDEA /* CustomGriddedContentCollectionViewDelegate.swift in Sources */,
				80DC22B924C2ECD70076737D /* TodayHabitCardView.swift in Sources */,
				FC85763524BF00440012CDEA /* SceneDelegate.swift in Sources */,
				80DC22C224C2EDB70076737D /* GetVC.swift in Sources */,
				FC85763D24BF004B0012CDEA /* TodayCollectionViewController.swift in Sources */,
			);
			runOnlyForDeploymentPostprocessing = 0;
		};
/* End PBXSourcesBuildPhase section */

/* Begin PBXVariantGroup section */
		FC85760E24BF00060012CDEA /* Main.storyboard */ = {
			isa = PBXVariantGroup;
			children = (
				FC85760F24BF00060012CDEA /* Base */,
			);
			name = Main.storyboard;
			sourceTree = "<group>";
		};
		FC85762E24BF00440012CDEA /* LaunchScreen.storyboard */ = {
			isa = PBXVariantGroup;
			children = (
				FC85762F24BF00440012CDEA /* Base */,
			);
			name = LaunchScreen.storyboard;
			sourceTree = "<group>";
		};
/* End PBXVariantGroup section */

/* Begin XCBuildConfiguration section */
		FC85761724BF00080012CDEA /* Debug */ = {
			isa = XCBuildConfiguration;
			buildSettings = {
				ALWAYS_SEARCH_USER_PATHS = NO;
				CLANG_ANALYZER_NONNULL = YES;
				CLANG_ANALYZER_NUMBER_OBJECT_CONVERSION = YES_AGGRESSIVE;
				CLANG_CXX_LANGUAGE_STANDARD = "gnu++14";
				CLANG_CXX_LIBRARY = "libc++";
				CLANG_ENABLE_MODULES = YES;
				CLANG_ENABLE_OBJC_ARC = YES;
				CLANG_ENABLE_OBJC_WEAK = YES;
				CLANG_WARN_BLOCK_CAPTURE_AUTORELEASING = YES;
				CLANG_WARN_BOOL_CONVERSION = YES;
				CLANG_WARN_COMMA = YES;
				CLANG_WARN_CONSTANT_CONVERSION = YES;
				CLANG_WARN_DEPRECATED_OBJC_IMPLEMENTATIONS = YES;
				CLANG_WARN_DIRECT_OBJC_ISA_USAGE = YES_ERROR;
				CLANG_WARN_DOCUMENTATION_COMMENTS = YES;
				CLANG_WARN_EMPTY_BODY = YES;
				CLANG_WARN_ENUM_CONVERSION = YES;
				CLANG_WARN_INFINITE_RECURSION = YES;
				CLANG_WARN_INT_CONVERSION = YES;
				CLANG_WARN_NON_LITERAL_NULL_CONVERSION = YES;
				CLANG_WARN_OBJC_IMPLICIT_RETAIN_SELF = YES;
				CLANG_WARN_OBJC_LITERAL_CONVERSION = YES;
				CLANG_WARN_OBJC_ROOT_CLASS = YES_ERROR;
				CLANG_WARN_RANGE_LOOP_ANALYSIS = YES;
				CLANG_WARN_STRICT_PROTOTYPES = YES;
				CLANG_WARN_SUSPICIOUS_MOVE = YES;
				CLANG_WARN_UNGUARDED_AVAILABILITY = YES_AGGRESSIVE;
				CLANG_WARN_UNREACHABLE_CODE = YES;
				CLANG_WARN__DUPLICATE_METHOD_MATCH = YES;
				COPY_PHASE_STRIP = NO;
				DEBUG_INFORMATION_FORMAT = dwarf;
				ENABLE_STRICT_OBJC_MSGSEND = YES;
				ENABLE_TESTABILITY = YES;
				GCC_C_LANGUAGE_STANDARD = gnu11;
				GCC_DYNAMIC_NO_PIC = NO;
				GCC_NO_COMMON_BLOCKS = YES;
				GCC_OPTIMIZATION_LEVEL = 0;
				GCC_PREPROCESSOR_DEFINITIONS = (
					"DEBUG=1",
					"$(inherited)",
				);
				GCC_WARN_64_TO_32_BIT_CONVERSION = YES;
				GCC_WARN_ABOUT_RETURN_TYPE = YES_ERROR;
				GCC_WARN_UNDECLARED_SELECTOR = YES;
				GCC_WARN_UNINITIALIZED_AUTOS = YES_AGGRESSIVE;
				GCC_WARN_UNUSED_FUNCTION = YES;
				GCC_WARN_UNUSED_VARIABLE = YES;
				IPHONEOS_DEPLOYMENT_TARGET = 13.0;
				MTL_ENABLE_DEBUG_INFO = INCLUDE_SOURCE;
				MTL_FAST_MATH = YES;
				ONLY_ACTIVE_ARCH = YES;
				SDKROOT = iphoneos;
				SWIFT_ACTIVE_COMPILATION_CONDITIONS = DEBUG;
				SWIFT_OPTIMIZATION_LEVEL = "-Onone";
			};
			name = Debug;
		};
		FC85761824BF00080012CDEA /* Release */ = {
			isa = XCBuildConfiguration;
			buildSettings = {
				ALWAYS_SEARCH_USER_PATHS = NO;
				CLANG_ANALYZER_NONNULL = YES;
				CLANG_ANALYZER_NUMBER_OBJECT_CONVERSION = YES_AGGRESSIVE;
				CLANG_CXX_LANGUAGE_STANDARD = "gnu++14";
				CLANG_CXX_LIBRARY = "libc++";
				CLANG_ENABLE_MODULES = YES;
				CLANG_ENABLE_OBJC_ARC = YES;
				CLANG_ENABLE_OBJC_WEAK = YES;
				CLANG_WARN_BLOCK_CAPTURE_AUTORELEASING = YES;
				CLANG_WARN_BOOL_CONVERSION = YES;
				CLANG_WARN_COMMA = YES;
				CLANG_WARN_CONSTANT_CONVERSION = YES;
				CLANG_WARN_DEPRECATED_OBJC_IMPLEMENTATIONS = YES;
				CLANG_WARN_DIRECT_OBJC_ISA_USAGE = YES_ERROR;
				CLANG_WARN_DOCUMENTATION_COMMENTS = YES;
				CLANG_WARN_EMPTY_BODY = YES;
				CLANG_WARN_ENUM_CONVERSION = YES;
				CLANG_WARN_INFINITE_RECURSION = YES;
				CLANG_WARN_INT_CONVERSION = YES;
				CLANG_WARN_NON_LITERAL_NULL_CONVERSION = YES;
				CLANG_WARN_OBJC_IMPLICIT_RETAIN_SELF = YES;
				CLANG_WARN_OBJC_LITERAL_CONVERSION = YES;
				CLANG_WARN_OBJC_ROOT_CLASS = YES_ERROR;
				CLANG_WARN_RANGE_LOOP_ANALYSIS = YES;
				CLANG_WARN_STRICT_PROTOTYPES = YES;
				CLANG_WARN_SUSPICIOUS_MOVE = YES;
				CLANG_WARN_UNGUARDED_AVAILABILITY = YES_AGGRESSIVE;
				CLANG_WARN_UNREACHABLE_CODE = YES;
				CLANG_WARN__DUPLICATE_METHOD_MATCH = YES;
				COPY_PHASE_STRIP = NO;
				DEBUG_INFORMATION_FORMAT = "dwarf-with-dsym";
				ENABLE_NS_ASSERTIONS = NO;
				ENABLE_STRICT_OBJC_MSGSEND = YES;
				GCC_C_LANGUAGE_STANDARD = gnu11;
				GCC_NO_COMMON_BLOCKS = YES;
				GCC_WARN_64_TO_32_BIT_CONVERSION = YES;
				GCC_WARN_ABOUT_RETURN_TYPE = YES_ERROR;
				GCC_WARN_UNDECLARED_SELECTOR = YES;
				GCC_WARN_UNINITIALIZED_AUTOS = YES_AGGRESSIVE;
				GCC_WARN_UNUSED_FUNCTION = YES;
				GCC_WARN_UNUSED_VARIABLE = YES;
				IPHONEOS_DEPLOYMENT_TARGET = 13.0;
				MTL_ENABLE_DEBUG_INFO = NO;
				MTL_FAST_MATH = YES;
				SDKROOT = iphoneos;
				SWIFT_COMPILATION_MODE = wholemodule;
				SWIFT_OPTIMIZATION_LEVEL = "-O";
				VALIDATE_PRODUCT = YES;
			};
			name = Release;
		};
		FC85761A24BF00080012CDEA /* Debug */ = {
			isa = XCBuildConfiguration;
			baseConfigurationReference = 41D9FD4AA2F9174F3D1EBDA1 /* Pods-Jay.debug.xcconfig */;
			buildSettings = {
				ASSETCATALOG_COMPILER_APPICON_NAME = AppIcon;
				CODE_SIGN_IDENTITY = "Apple Development";
				CODE_SIGN_STYLE = Automatic;
				DEVELOPMENT_TEAM = 3BJD363R2V;
				INFOPLIST_FILE = Jay/Info.plist;
				IPHONEOS_DEPLOYMENT_TARGET = 13.0;
				LD_RUNPATH_SEARCH_PATHS = (
					"$(inherited)",
					"@executable_path/Frameworks",
				);
				PRODUCT_BUNDLE_IDENTIFIER = com.Fetch.Jay4CV;
				PRODUCT_NAME = "$(TARGET_NAME)";
				PROVISIONING_PROFILE_SPECIFIER = "";
				SWIFT_VERSION = 5.0;
				TARGETED_DEVICE_FAMILY = "1,2";
			};
			name = Debug;
		};
		FC85761B24BF00080012CDEA /* Release */ = {
			isa = XCBuildConfiguration;
			baseConfigurationReference = 3894EA69F9674942E0F28381 /* Pods-Jay.release.xcconfig */;
			buildSettings = {
				ASSETCATALOG_COMPILER_APPICON_NAME = AppIcon;
				CODE_SIGN_IDENTITY = "Apple Development";
				CODE_SIGN_STYLE = Automatic;
				DEVELOPMENT_TEAM = 3BJD363R2V;
				INFOPLIST_FILE = Jay/Info.plist;
				IPHONEOS_DEPLOYMENT_TARGET = 13.0;
				LD_RUNPATH_SEARCH_PATHS = (
					"$(inherited)",
					"@executable_path/Frameworks",
				);
				PRODUCT_BUNDLE_IDENTIFIER = com.Fetch.Jay4CV;
				PRODUCT_NAME = "$(TARGET_NAME)";
				PROVISIONING_PROFILE_SPECIFIER = "";
				SWIFT_VERSION = 5.0;
				TARGETED_DEVICE_FAMILY = "1,2";
			};
			name = Release;
		};
/* End XCBuildConfiguration section */

/* Begin XCConfigurationList section */
		FC85760024BF00060012CDEA /* Build configuration list for PBXProject "Jay" */ = {
			isa = XCConfigurationList;
			buildConfigurations = (
				FC85761724BF00080012CDEA /* Debug */,
				FC85761824BF00080012CDEA /* Release */,
			);
			defaultConfigurationIsVisible = 0;
			defaultConfigurationName = Release;
		};
		FC85761924BF00080012CDEA /* Build configuration list for PBXNativeTarget "Jay" */ = {
			isa = XCConfigurationList;
			buildConfigurations = (
				FC85761A24BF00080012CDEA /* Debug */,
				FC85761B24BF00080012CDEA /* Release */,
			);
			defaultConfigurationIsVisible = 0;
			defaultConfigurationName = Release;
		};
/* End XCConfigurationList section */
	};
	rootObject = FC8575FD24BF00060012CDEA /* Project object */;
}
